// !$*UTF8*$!
{
	archiveVersion = 1;
	classes = {
	};
	objectVersion = 50;
	objects = {

/* Begin PBXBuildFile section */
		665782DF259BA8C200DCD6C7 /* AppDelegate.swift in Sources */ = {isa = PBXBuildFile; fileRef = 665782DE259BA8C200DCD6C7 /* AppDelegate.swift */; };
		665782E1259BA8C200DCD6C7 /* SceneDelegate.swift in Sources */ = {isa = PBXBuildFile; fileRef = 665782E0259BA8C200DCD6C7 /* SceneDelegate.swift */; };
		665782E3259BA8C200DCD6C7 /* ViewController.swift in Sources */ = {isa = PBXBuildFile; fileRef = 665782E2259BA8C200DCD6C7 /* ViewController.swift */; };
		665782E6259BA8C200DCD6C7 /* Main.storyboard in Resources */ = {isa = PBXBuildFile; fileRef = 665782E4259BA8C200DCD6C7 /* Main.storyboard */; };
		665782E8259BA8C400DCD6C7 /* Assets.xcassets in Resources */ = {isa = PBXBuildFile; fileRef = 665782E7259BA8C400DCD6C7 /* Assets.xcassets */; };
		665782EB259BA8C400DCD6C7 /* LaunchScreen.storyboard in Resources */ = {isa = PBXBuildFile; fileRef = 665782E9259BA8C400DCD6C7 /* LaunchScreen.storyboard */; };
		665782F6259BA8C400DCD6C7 /* TipCalculatorTests.swift in Sources */ = {isa = PBXBuildFile; fileRef = 665782F5259BA8C400DCD6C7 /* TipCalculatorTests.swift */; };
		66578301259BA8C400DCD6C7 /* TipCalculatorUITests.swift in Sources */ = {isa = PBXBuildFile; fileRef = 66578300259BA8C400DCD6C7 /* TipCalculatorUITests.swift */; };
/* End PBXBuildFile section */

/* Begin PBXContainerItemProxy section */
		665782F2259BA8C400DCD6C7 /* PBXContainerItemProxy */ = {
			isa = PBXContainerItemProxy;
			containerPortal = 665782D3259BA8C200DCD6C7 /* Project object */;
			proxyType = 1;
			remoteGlobalIDString = 665782DA259BA8C200DCD6C7;
			remoteInfo = TipCalculator;
		};
		665782FD259BA8C400DCD6C7 /* PBXContainerItemProxy */ = {
			isa = PBXContainerItemProxy;
			containerPortal = 665782D3259BA8C200DCD6C7 /* Project object */;
			proxyType = 1;
			remoteGlobalIDString = 665782DA259BA8C200DCD6C7;
			remoteInfo = TipCalculator;
		};
/* End PBXContainerItemProxy section */

/* Begin PBXFileReference section */
		665782DB259BA8C200DCD6C7 /* TipCalculator.app */ = {isa = PBXFileReference; explicitFileType = wrapper.application; includeInIndex = 0; path = TipCalculator.app; sourceTree = BUILT_PRODUCTS_DIR; };
		665782DE259BA8C200DCD6C7 /* AppDelegate.swift */ = {isa = PBXFileReference; lastKnownFileType = sourcecode.swift; path = AppDelegate.swift; sourceTree = "<group>"; };
		665782E0259BA8C200DCD6C7 /* SceneDelegate.swift */ = {isa = PBXFileReference; lastKnownFileType = sourcecode.swift; path = SceneDelegate.swift; sourceTree = "<group>"; };
		665782E2259BA8C200DCD6C7 /* ViewController.swift */ = {isa = PBXFileReference; lastKnownFileType = sourcecode.swift; path = ViewController.swift; sourceTree = "<group>"; };
		665782E5259BA8C200DCD6C7 /* Base */ = {isa = PBXFileReference; lastKnownFileType = file.storyboard; name = Base; path = Base.lproj/Main.storyboard; sourceTree = "<group>"; };
		665782E7259BA8C400DCD6C7 /* Assets.xcassets */ = {isa = PBXFileReference; lastKnownFileType = folder.assetcatalog; path = Assets.xcassets; sourceTree = "<group>"; };
		665782EA259BA8C400DCD6C7 /* Base */ = {isa = PBXFileReference; lastKnownFileType = file.storyboard; name = Base; path = Base.lproj/LaunchScreen.storyboard; sourceTree = "<group>"; };
		665782EC259BA8C400DCD6C7 /* Info.plist */ = {isa = PBXFileReference; lastKnownFileType = text.plist.xml; path = Info.plist; sourceTree = "<group>"; };
		665782F1259BA8C400DCD6C7 /* TipCalculatorTests.xctest */ = {isa = PBXFileReference; explicitFileType = wrapper.cfbundle; includeInIndex = 0; path = TipCalculatorTests.xctest; sourceTree = BUILT_PRODUCTS_DIR; };
		665782F5259BA8C400DCD6C7 /* TipCalculatorTests.swift */ = {isa = PBXFileReference; lastKnownFileType = sourcecode.swift; path = TipCalculatorTests.swift; sourceTree = "<group>"; };
		665782F7259BA8C400DCD6C7 /* Info.plist */ = {isa = PBXFileReference; lastKnownFileType = text.plist.xml; path = Info.plist; sourceTree = "<group>"; };
		665782FC259BA8C400DCD6C7 /* TipCalculatorUITests.xctest */ = {isa = PBXFileReference; explicitFileType = wrapper.cfbundle; includeInIndex = 0; path = TipCalculatorUITests.xctest; sourceTree = BUILT_PRODUCTS_DIR; };
		66578300259BA8C400DCD6C7 /* TipCalculatorUITests.swift */ = {isa = PBXFileReference; lastKnownFileType = sourcecode.swift; path = TipCalculatorUITests.swift; sourceTree = "<group>"; };
		66578302259BA8C400DCD6C7 /* Info.plist */ = {isa = PBXFileReference; lastKnownFileType = text.plist.xml; path = Info.plist; sourceTree = "<group>"; };
/* End PBXFileReference section */

/* Begin PBXFrameworksBuildPhase section */
		665782D8259BA8C200DCD6C7 /* Frameworks */ = {
			isa = PBXFrameworksBuildPhase;
			buildActionMask = 2147483647;
			files = (
			);
			runOnlyForDeploymentPostprocessing = 0;
		};
		665782EE259BA8C400DCD6C7 /* Frameworks */ = {
			isa = PBXFrameworksBuildPhase;
			buildActionMask = 2147483647;
			files = (
			);
			runOnlyForDeploymentPostprocessing = 0;
		};
		665782F9259BA8C400DCD6C7 /* Frameworks */ = {
			isa = PBXFrameworksBuildPhase;
			buildActionMask = 2147483647;
			files = (
			);
			runOnlyForDeploymentPostprocessing = 0;
		};
/* End PBXFrameworksBuildPhase section */

/* Begin PBXGroup section */
		665782D2259BA8C200DCD6C7 = {
			isa = PBXGroup;
			children = (
				665782DD259BA8C200DCD6C7 /* TipCalculator */,
				665782F4259BA8C400DCD6C7 /* TipCalculatorTests */,
				665782FF259BA8C400DCD6C7 /* TipCalculatorUITests */,
				665782DC259BA8C200DCD6C7 /* Products */,
			);
			sourceTree = "<group>";
		};
		665782DC259BA8C200DCD6C7 /* Products */ = {
			isa = PBXGroup;
			children = (
				665782DB259BA8C200DCD6C7 /* TipCalculator.app */,
				665782F1259BA8C400DCD6C7 /* TipCalculatorTests.xctest */,
				665782FC259BA8C400DCD6C7 /* TipCalculatorUITests.xctest */,
			);
			name = Products;
			sourceTree = "<group>";
		};
		665782DD259BA8C200DCD6C7 /* TipCalculator */ = {
			isa = PBXGroup;
			children = (
				665782DE259BA8C200DCD6C7 /* AppDelegate.swift */,
				665782E0259BA8C200DCD6C7 /* SceneDelegate.swift */,
				665782E2259BA8C200DCD6C7 /* ViewController.swift */,
				665782E4259BA8C200DCD6C7 /* Main.storyboard */,
				665782E7259BA8C400DCD6C7 /* Assets.xcassets */,
				665782E9259BA8C400DCD6C7 /* LaunchScreen.storyboard */,
				665782EC259BA8C400DCD6C7 /* Info.plist */,
			);
			path = TipCalculator;
			sourceTree = "<group>";
		};
		665782F4259BA8C400DCD6C7 /* TipCalculatorTests */ = {
			isa = PBXGroup;
			children = (
				665782F5259BA8C400DCD6C7 /* TipCalculatorTests.swift */,
				665782F7259BA8C400DCD6C7 /* Info.plist */,
			);
			path = TipCalculatorTests;
			sourceTree = "<group>";
		};
		665782FF259BA8C400DCD6C7 /* TipCalculatorUITests */ = {
			isa = PBXGroup;
			children = (
				66578300259BA8C400DCD6C7 /* TipCalculatorUITests.swift */,
				66578302259BA8C400DCD6C7 /* Info.plist */,
			);
			path = TipCalculatorUITests;
			sourceTree = "<group>";
		};
/* End PBXGroup section */

/* Begin PBXNativeTarget section */
		665782DA259BA8C200DCD6C7 /* TipCalculator */ = {
			isa = PBXNativeTarget;
			buildConfigurationList = 66578305259BA8C400DCD6C7 /* Build configuration list for PBXNativeTarget "TipCalculator" */;
			buildPhases = (
				665782D7259BA8C200DCD6C7 /* Sources */,
				665782D8259BA8C200DCD6C7 /* Frameworks */,
				665782D9259BA8C200DCD6C7 /* Resources */,
			);
			buildRules = (
			);
			dependencies = (
			);
			name = TipCalculator;
			productName = TipCalculator;
			productReference = 665782DB259BA8C200DCD6C7 /* TipCalculator.app */;
			productType = "com.apple.product-type.application";
		};
		665782F0259BA8C400DCD6C7 /* TipCalculatorTests */ = {
			isa = PBXNativeTarget;
			buildConfigurationList = 66578308259BA8C400DCD6C7 /* Build configuration list for PBXNativeTarget "TipCalculatorTests" */;
			buildPhases = (
				665782ED259BA8C400DCD6C7 /* Sources */,
				665782EE259BA8C400DCD6C7 /* Frameworks */,
				665782EF259BA8C400DCD6C7 /* Resources */,
			);
			buildRules = (
			);
			dependencies = (
				665782F3259BA8C400DCD6C7 /* PBXTargetDependency */,
			);
			name = TipCalculatorTests;
			productName = TipCalculatorTests;
			productReference = 665782F1259BA8C400DCD6C7 /* TipCalculatorTests.xctest */;
			productType = "com.apple.product-type.bundle.unit-test";
		};
		665782FB259BA8C400DCD6C7 /* TipCalculatorUITests */ = {
			isa = PBXNativeTarget;
			buildConfigurationList = 6657830B259BA8C400DCD6C7 /* Build configuration list for PBXNativeTarget "TipCalculatorUITests" */;
			buildPhases = (
				665782F8259BA8C400DCD6C7 /* Sources */,
				665782F9259BA8C400DCD6C7 /* Frameworks */,
				665782FA259BA8C400DCD6C7 /* Resources */,
			);
			buildRules = (
			);
			dependencies = (
				665782FE259BA8C400DCD6C7 /* PBXTargetDependency */,
			);
			name = TipCalculatorUITests;
			productName = TipCalculatorUITests;
			productReference = 665782FC259BA8C400DCD6C7 /* TipCalculatorUITests.xctest */;
			productType = "com.apple.product-type.bundle.ui-testing";
		};
/* End PBXNativeTarget section */

/* Begin PBXProject section */
		665782D3259BA8C200DCD6C7 /* Project object */ = {
			isa = PBXProject;
			attributes = {
				LastSwiftUpdateCheck = 1220;
				LastUpgradeCheck = 1220;
				TargetAttributes = {
					665782DA259BA8C200DCD6C7 = {
						CreatedOnToolsVersion = 12.2;
					};
					665782F0259BA8C400DCD6C7 = {
						CreatedOnToolsVersion = 12.2;
						TestTargetID = 665782DA259BA8C200DCD6C7;
					};
					665782FB259BA8C400DCD6C7 = {
						CreatedOnToolsVersion = 12.2;
						TestTargetID = 665782DA259BA8C200DCD6C7;
					};
				};
			};
			buildConfigurationList = 665782D6259BA8C200DCD6C7 /* Build configuration list for PBXProject "TipCalculator" */;
			compatibilityVersion = "Xcode 9.3";
			developmentRegion = en;
			hasScannedForEncodings = 0;
			knownRegions = (
				en,
				Base,
			);
			mainGroup = 665782D2259BA8C200DCD6C7;
			productRefGroup = 665782DC259BA8C200DCD6C7 /* Products */;
			projectDirPath = "";
			projectRoot = "";
			targets = (
				665782DA259BA8C200DCD6C7 /* TipCalculator */,
				665782F0259BA8C400DCD6C7 /* TipCalculatorTests */,
				665782FB259BA8C400DCD6C7 /* TipCalculatorUITests */,
			);
		};
/* End PBXProject section */

/* Begin PBXResourcesBuildPhase section */
		665782D9259BA8C200DCD6C7 /* Resources */ = {
			isa = PBXResourcesBuildPhase;
			buildActionMask = 2147483647;
			files = (
				665782EB259BA8C400DCD6C7 /* LaunchScreen.storyboard in Resources */,
				665782E8259BA8C400DCD6C7 /* Assets.xcassets in Resources */,
				665782E6259BA8C200DCD6C7 /* Main.storyboard in Resources */,
			);
			runOnlyForDeploymentPostprocessing = 0;
		};
		665782EF259BA8C400DCD6C7 /* Resources */ = {
			isa = PBXResourcesBuildPhase;
			buildActionMask = 2147483647;
			files = (
			);
			runOnlyForDeploymentPostprocessing = 0;
		};
		665782FA259BA8C400DCD6C7 /* Resources */ = {
			isa = PBXResourcesBuildPhase;
			buildActionMask = 2147483647;
			files = (
			);
			runOnlyForDeploymentPostprocessing = 0;
		};
/* End PBXResourcesBuildPhase section */

/* Begin PBXSourcesBuildPhase section */
		665782D7259BA8C200DCD6C7 /* Sources */ = {
			isa = PBXSourcesBuildPhase;
			buildActionMask = 2147483647;
			files = (
				665782E3259BA8C200DCD6C7 /* ViewController.swift in Sources */,
				665782DF259BA8C200DCD6C7 /* AppDelegate.swift in Sources */,
				665782E1259BA8C200DCD6C7 /* SceneDelegate.swift in Sources */,
			);
			runOnlyForDeploymentPostprocessing = 0;
		};
		665782ED259BA8C400DCD6C7 /* Sources */ = {
			isa = PBXSourcesBuildPhase;
			buildActionMask = 2147483647;
			files = (
				665782F6259BA8C400DCD6C7 /* TipCalculatorTests.swift in Sources */,
			);
			runOnlyForDeploymentPostprocessing = 0;
		};
		665782F8259BA8C400DCD6C7 /* Sources */ = {
			isa = PBXSourcesBuildPhase;
			buildActionMask = 2147483647;
			files = (
				66578301259BA8C400DCD6C7 /* TipCalculatorUITests.swift in Sources */,
			);
			runOnlyForDeploymentPostprocessing = 0;
		};
/* End PBXSourcesBuildPhase section */

/* Begin PBXTargetDependency section */
		665782F3259BA8C400DCD6C7 /* PBXTargetDependency */ = {
			isa = PBXTargetDependency;
			target = 665782DA259BA8C200DCD6C7 /* TipCalculator */;
			targetProxy = 665782F2259BA8C400DCD6C7 /* PBXContainerItemProxy */;
		};
		665782FE259BA8C400DCD6C7 /* PBXTargetDependency */ = {
			isa = PBXTargetDependency;
			target = 665782DA259BA8C200DCD6C7 /* TipCalculator */;
			targetProxy = 665782FD259BA8C400DCD6C7 /* PBXContainerItemProxy */;
		};
/* End PBXTargetDependency section */

/* Begin PBXVariantGroup section */
		665782E4259BA8C200DCD6C7 /* Main.storyboard */ = {
			isa = PBXVariantGroup;
			children = (
				665782E5259BA8C200DCD6C7 /* Base */,
			);
			name = Main.storyboard;
			sourceTree = "<group>";
		};
		665782E9259BA8C400DCD6C7 /* LaunchScreen.storyboard */ = {
			isa = PBXVariantGroup;
			children = (
				665782EA259BA8C400DCD6C7 /* Base */,
			);
			name = LaunchScreen.storyboard;
			sourceTree = "<group>";
		};
/* End PBXVariantGroup section */

/* Begin XCBuildConfiguration section */
		66578303259BA8C400DCD6C7 /* Debug */ = {
			isa = XCBuildConfiguration;
			buildSettings = {
				ALWAYS_SEARCH_USER_PATHS = NO;
				CLANG_ANALYZER_NONNULL = YES;
				CLANG_ANALYZER_NUMBER_OBJECT_CONVERSION = YES_AGGRESSIVE;
				CLANG_CXX_LANGUAGE_STANDARD = "gnu++14";
				CLANG_CXX_LIBRARY = "libc++";
				CLANG_ENABLE_MODULES = YES;
				CLANG_ENABLE_OBJC_ARC = YES;
				CLANG_ENABLE_OBJC_WEAK = YES;
				CLANG_WARN_BLOCK_CAPTURE_AUTORELEASING = YES;
				CLANG_WARN_BOOL_CONVERSION = YES;
				CLANG_WARN_COMMA = YES;
				CLANG_WARN_CONSTANT_CONVERSION = YES;
				CLANG_WARN_DEPRECATED_OBJC_IMPLEMENTATIONS = YES;
				CLANG_WARN_DIRECT_OBJC_ISA_USAGE = YES_ERROR;
				CLANG_WARN_DOCUMENTATION_COMMENTS = YES;
				CLANG_WARN_EMPTY_BODY = YES;
				CLANG_WARN_ENUM_CONVERSION = YES;
				CLANG_WARN_INFINITE_RECURSION = YES;
				CLANG_WARN_INT_CONVERSION = YES;
				CLANG_WARN_NON_LITERAL_NULL_CONVERSION = YES;
				CLANG_WARN_OBJC_IMPLICIT_RETAIN_SELF = YES;
				CLANG_WARN_OBJC_LITERAL_CONVERSION = YES;
				CLANG_WARN_OBJC_ROOT_CLASS = YES_ERROR;
				CLANG_WARN_QUOTED_INCLUDE_IN_FRAMEWORK_HEADER = YES;
				CLANG_WARN_RANGE_LOOP_ANALYSIS = YES;
				CLANG_WARN_STRICT_PROTOTYPES = YES;
				CLANG_WARN_SUSPICIOUS_MOVE = YES;
				CLANG_WARN_UNGUARDED_AVAILABILITY = YES_AGGRESSIVE;
				CLANG_WARN_UNREACHABLE_CODE = YES;
				CLANG_WARN__DUPLICATE_METHOD_MATCH = YES;
				COPY_PHASE_STRIP = NO;
				DEBUG_INFORMATION_FORMAT = dwarf;
				ENABLE_STRICT_OBJC_MSGSEND = YES;
				ENABLE_TESTABILITY = YES;
				GCC_C_LANGUAGE_STANDARD = gnu11;
				GCC_DYNAMIC_NO_PIC = NO;
				GCC_NO_COMMON_BLOCKS = YES;
				GCC_OPTIMIZATION_LEVEL = 0;
				GCC_PREPROCESSOR_DEFINITIONS = (
					"DEBUG=1",
					"$(inherited)",
				);
				GCC_WARN_64_TO_32_BIT_CONVERSION = YES;
				GCC_WARN_ABOUT_RETURN_TYPE = YES_ERROR;
				GCC_WARN_UNDECLARED_SELECTOR = YES;
				GCC_WARN_UNINITIALIZED_AUTOS = YES_AGGRESSIVE;
				GCC_WARN_UNUSED_FUNCTION = YES;
				GCC_WARN_UNUSED_VARIABLE = YES;
				IPHONEOS_DEPLOYMENT_TARGET = 14.2;
				MTL_ENABLE_DEBUG_INFO = INCLUDE_SOURCE;
				MTL_FAST_MATH = YES;
				ONLY_ACTIVE_ARCH = YES;
				SDKROOT = iphoneos;
				SWIFT_ACTIVE_COMPILATION_CONDITIONS = DEBUG;
				SWIFT_OPTIMIZATION_LEVEL = "-Onone";
			};
			name = Debug;
		};
		66578304259BA8C400DCD6C7 /* Release */ = {
			isa = XCBuildConfiguration;
			buildSettings = {
				ALWAYS_SEARCH_USER_PATHS = NO;
				CLANG_ANALYZER_NONNULL = YES;
				CLANG_ANALYZER_NUMBER_OBJECT_CONVERSION = YES_AGGRESSIVE;
				CLANG_CXX_LANGUAGE_STANDARD = "gnu++14";
				CLANG_CXX_LIBRARY = "libc++";
				CLANG_ENABLE_MODULES = YES;
				CLANG_ENABLE_OBJC_ARC = YES;
				CLANG_ENABLE_OBJC_WEAK = YES;
				CLANG_WARN_BLOCK_CAPTURE_AUTORELEASING = YES;
				CLANG_WARN_BOOL_CONVERSION = YES;
				CLANG_WARN_COMMA = YES;
				CLANG_WARN_CONSTANT_CONVERSION = YES;
				CLANG_WARN_DEPRECATED_OBJC_IMPLEMENTATIONS = YES;
				CLANG_WARN_DIRECT_OBJC_ISA_USAGE = YES_ERROR;
				CLANG_WARN_DOCUMENTATION_COMMENTS = YES;
				CLANG_WARN_EMPTY_BODY = YES;
				CLANG_WARN_ENUM_CONVERSION = YES;
				CLANG_WARN_INFINITE_RECURSION = YES;
				CLANG_WARN_INT_CONVERSION = YES;
				CLANG_WARN_NON_LITERAL_NULL_CONVERSION = YES;
				CLANG_WARN_OBJC_IMPLICIT_RETAIN_SELF = YES;
				CLANG_WARN_OBJC_LITERAL_CONVERSION = YES;
				CLANG_WARN_OBJC_ROOT_CLASS = YES_ERROR;
				CLANG_WARN_QUOTED_INCLUDE_IN_FRAMEWORK_HEADER = YES;
				CLANG_WARN_RANGE_LOOP_ANALYSIS = YES;
				CLANG_WARN_STRICT_PROTOTYPES = YES;
				CLANG_WARN_SUSPICIOUS_MOVE = YES;
				CLANG_WARN_UNGUARDED_AVAILABILITY = YES_AGGRESSIVE;
				CLANG_WARN_UNREACHABLE_CODE = YES;
				CLANG_WARN__DUPLICATE_METHOD_MATCH = YES;
				COPY_PHASE_STRIP = NO;
				DEBUG_INFORMATION_FORMAT = "dwarf-with-dsym";
				ENABLE_NS_ASSERTIONS = NO;
				ENABLE_STRICT_OBJC_MSGSEND = YES;
				GCC_C_LANGUAGE_STANDARD = gnu11;
				GCC_NO_COMMON_BLOCKS = YES;
				GCC_WARN_64_TO_32_BIT_CONVERSION = YES;
				GCC_WARN_ABOUT_RETURN_TYPE = YES_ERROR;
				GCC_WARN_UNDECLARED_SELECTOR = YES;
				GCC_WARN_UNINITIALIZED_AUTOS = YES_AGGRESSIVE;
				GCC_WARN_UNUSED_FUNCTION = YES;
				GCC_WARN_UNUSED_VARIABLE = YES;
				IPHONEOS_DEPLOYMENT_TARGET = 14.2;
				MTL_ENABLE_DEBUG_INFO = NO;
				MTL_FAST_MATH = YES;
				SDKROOT = iphoneos;
				SWIFT_COMPILATION_MODE = wholemodule;
				SWIFT_OPTIMIZATION_LEVEL = "-O";
				VALIDATE_PRODUCT = YES;
			};
			name = Release;
		};
		66578306259BA8C400DCD6C7 /* Debug */ = {
			isa = XCBuildConfiguration;
			buildSettings = {
				ASSETCATALOG_COMPILER_APPICON_NAME = AppIcon;
				ASSETCATALOG_COMPILER_GLOBAL_ACCENT_COLOR_NAME = AccentColor;
				CODE_SIGN_STYLE = Automatic;
				INFOPLIST_FILE = TipCalculator/Info.plist;
				LD_RUNPATH_SEARCH_PATHS = (
					"$(inherited)",
					"@executable_path/Frameworks",
				);
				PRODUCT_BUNDLE_IDENTIFIER = adam.TipCalculator;
				PRODUCT_NAME = "$(TARGET_NAME)";
				SWIFT_VERSION = 5.0;
				TARGETED_DEVICE_FAMILY = "1,2";
			};
			name = Debug;
		};
		66578307259BA8C400DCD6C7 /* Release */ = {
			isa = XCBuildConfiguration;
			buildSettings = {
				ASSETCATALOG_COMPILER_APPICON_NAME = AppIcon;
				ASSETCATALOG_COMPILER_GLOBAL_ACCENT_COLOR_NAME = AccentColor;
				CODE_SIGN_STYLE = Automatic;
				INFOPLIST_FILE = TipCalculator/Info.plist;
				LD_RUNPATH_SEARCH_PATHS = (
					"$(inherited)",
					"@executable_path/Frameworks",
				);
				PRODUCT_BUNDLE_IDENTIFIER = adam.TipCalculator;
				PRODUCT_NAME = "$(TARGET_NAME)";
				SWIFT_VERSION = 5.0;
				TARGETED_DEVICE_FAMILY = "1,2";
			};
			name = Release;
		};
		66578309259BA8C400DCD6C7 /* Debug */ = {
			isa = XCBuildConfiguration;
			buildSettings = {
				ALWAYS_EMBED_SWIFT_STANDARD_LIBRARIES = YES;
				BUNDLE_LOADER = "$(TEST_HOST)";
				CODE_SIGN_STYLE = Automatic;
				INFOPLIST_FILE = TipCalculatorTests/Info.plist;
				IPHONEOS_DEPLOYMENT_TARGET = 14.2;
				LD_RUNPATH_SEARCH_PATHS = (
					"$(inherited)",
					"@executable_path/Frameworks",
					"@loader_path/Frameworks",
				);
				PRODUCT_BUNDLE_IDENTIFIER = adam.TipCalculatorTests;
				PRODUCT_NAME = "$(TARGET_NAME)";
				SWIFT_VERSION = 5.0;
				TARGETED_DEVICE_FAMILY = "1,2";
				TEST_HOST = "$(BUILT_PRODUCTS_DIR)/TipCalculator.app/TipCalculator";
			};
			name = Debug;
		};
		6657830A259BA8C400DCD6C7 /* Release */ = {
			isa = XCBuildConfiguration;
			buildSettings = {
				ALWAYS_EMBED_SWIFT_STANDARD_LIBRARIES = YES;
				BUNDLE_LOADER = "$(TEST_HOST)";
				CODE_SIGN_STYLE = Automatic;
				INFOPLIST_FILE = TipCalculatorTests/Info.plist;
				IPHONEOS_DEPLOYMENT_TARGET = 14.2;
				LD_RUNPATH_SEARCH_PATHS = (
					"$(inherited)",
					"@executable_path/Frameworks",
					"@loader_path/Frameworks",
				);
				PRODUCT_BUNDLE_IDENTIFIER = adam.TipCalculatorTests;
				PRODUCT_NAME = "$(TARGET_NAME)";
				SWIFT_VERSION = 5.0;
				TARGETED_DEVICE_FAMILY = "1,2";
				TEST_HOST = "$(BUILT_PRODUCTS_DIR)/TipCalculator.app/TipCalculator";
			};
			name = Release;
		};
		6657830C259BA8C400DCD6C7 /* Debug */ = {
			isa = XCBuildConfiguration;
			buildSettings = {
				ALWAYS_EMBED_SWIFT_STANDARD_LIBRARIES = YES;
				CODE_SIGN_STYLE = Automatic;
				INFOPLIST_FILE = TipCalculatorUITests/Info.plist;
				LD_RUNPATH_SEARCH_PATHS = (
					"$(inherited)",
					"@executable_path/Frameworks",
					"@loader_path/Frameworks",
				);
				PRODUCT_BUNDLE_IDENTIFIER = adam.TipCalculatorUITests;
				PRODUCT_NAME = "$(TARGET_NAME)";
				SWIFT_VERSION = 5.0;
				TARGETED_DEVICE_FAMILY = "1,2";
				TEST_TARGET_NAME = TipCalculator;
			};
			name = Debug;
		};
		6657830D259BA8C400DCD6C7 /* Release */ = {
			isa = XCBuildConfiguration;
			buildSettings = {
				ALWAYS_EMBED_SWIFT_STANDARD_LIBRARIES = YES;
				CODE_SIGN_STYLE = Automatic;
				INFOPLIST_FILE = TipCalculatorUITests/Info.plist;
				LD_RUNPATH_SEARCH_PATHS = (
					"$(inherited)",
					"@executable_path/Frameworks",
					"@loader_path/Frameworks",
				);
				PRODUCT_BUNDLE_IDENTIFIER = adam.TipCalculatorUITests;
				PRODUCT_NAME = "$(TARGET_NAME)";
				SWIFT_VERSION = 5.0;
				TARGETED_DEVICE_FAMILY = "1,2";
				TEST_TARGET_NAME = TipCalculator;
			};
			name = Release;
		};
/* End XCBuildConfiguration section */

/* Begin XCConfigurationList section */
		665782D6259BA8C200DCD6C7 /* Build configuration list for PBXProject "TipCalculator" */ = {
			isa = XCConfigurationList;
			buildConfigurations = (
				66578303259BA8C400DCD6C7 /* Debug */,
				66578304259BA8C400DCD6C7 /* Release */,
			);
			defaultConfigurationIsVisible = 0;
			defaultConfigurationName = Release;
		};
		66578305259BA8C400DCD6C7 /* Build configuration list for PBXNativeTarget "TipCalculator" */ = {
			isa = XCConfigurationList;
			buildConfigurations = (
				66578306259BA8C400DCD6C7 /* Debug */,
				66578307259BA8C400DCD6C7 /* Release */,
			);
			defaultConfigurationIsVisible = 0;
			defaultConfigurationName = Release;
		};
		66578308259BA8C400DCD6C7 /* Build configuration list for PBXNativeTarget "TipCalculatorTests" */ = {
			isa = XCConfigurationList;
			buildConfigurations = (
				66578309259BA8C400DCD6C7 /* Debug */,
				6657830A259BA8C400DCD6C7 /* Release */,
			);
			defaultConfigurationIsVisible = 0;
			defaultConfigurationName = Release;
		};
		6657830B259BA8C400DCD6C7 /* Build configuration list for PBXNativeTarget "TipCalculatorUITests" */ = {
			isa = XCConfigurationList;
			buildConfigurations = (
				6657830C259BA8C400DCD6C7 /* Debug */,
				6657830D259BA8C400DCD6C7 /* Release */,
			);
			defaultConfigurationIsVisible = 0;
			defaultConfigurationName = Release;
		};
/* End XCConfigurationList section */
	};
	rootObject = 665782D3259BA8C200DCD6C7 /* Project object */;
}
